
Microsoft Visual Studio Solution File, Format Version 12.00
# Visual Studio Version 17
VisualStudioVersion = 17.6.33829.357
MinimumVisualStudioVersion = 10.0.40219.1
Project("{FAE04EC0-301F-11D3-BF4B-00C04F79EFBC}") = "OOP task 6", "OOP task 6.csproj", "{997733FF-58EF-4F61-A288-4829B81697BC}"
EndProject
Global
	GlobalSection(SolutionConfigurationPlatforms) = preSolution
		Debug|Any CPU = Debug|Any CPU
		Release|Any CPU = Release|Any CPU
	EndGlobalSection
	GlobalSection(ProjectConfigurationPlatforms) = postSolution
		{997733FF-58EF-4F61-A288-4829B81697BC}.Debug|Any CPU.ActiveCfg = Debug|Any CPU
		{997733FF-58EF-4F61-A288-4829B81697BC}.Debug|Any CPU.Build.0 = Debug|Any CPU
		{997733FF-58EF-4F61-A288-4829B81697BC}.Release|Any CPU.ActiveCfg = Release|Any CPU
		{997733FF-58EF-4F61-A288-4829B81697BC}.Release|Any CPU.Build.0 = Release|Any CPU
	EndGlobalSection
	GlobalSection(SolutionProperties) = preSolution
		HideSolutionNode = FALSE
	EndGlobalSection
	GlobalSection(ExtensibilityGlobals) = postSolution
		SolutionGuid = {9D918EC5-1100-421A-BD11-B065AF535AF5}
	EndGlobalSection
EndGlobal
