
Microsoft Visual Studio Solution File, Format Version 12.00
# Visual Studio Version 17
VisualStudioVersion = 17.5.33414.496
MinimumVisualStudioVersion = 10.0.40219.1
Project("{FAE04EC0-301F-11D3-BF4B-00C04F79EFBC}") = "MonoGameEngine", "MonoGameEngine\MonoGameEngine.csproj", "{3769DE44-04FB-49C2-94DA-F5C444A9E9A4}"
EndProject
Project("{FAE04EC0-301F-11D3-BF4B-00C04F79EFBC}") = "StudentGame", "StudentGame\StudentGame.csproj", "{B2AE8789-C71B-48C9-8AC3-AEB357E0D9BC}"
EndProject
Global
	GlobalSection(SolutionConfigurationPlatforms) = preSolution
		Debug|Any CPU = Debug|Any CPU
		Release|Any CPU = Release|Any CPU
	EndGlobalSection
	GlobalSection(ProjectConfigurationPlatforms) = postSolution
		{3769DE44-04FB-49C2-94DA-F5C444A9E9A4}.Debug|Any CPU.ActiveCfg = Debug|Any CPU
		{3769DE44-04FB-49C2-94DA-F5C444A9E9A4}.Debug|Any CPU.Build.0 = Debug|Any CPU
		{3769DE44-04FB-49C2-94DA-F5C444A9E9A4}.Release|Any CPU.ActiveCfg = Release|Any CPU
		{3769DE44-04FB-49C2-94DA-F5C444A9E9A4}.Release|Any CPU.Build.0 = Release|Any CPU
		{B2AE8789-C71B-48C9-8AC3-AEB357E0D9BC}.Debug|Any CPU.ActiveCfg = Debug|Any CPU
		{B2AE8789-C71B-48C9-8AC3-AEB357E0D9BC}.Debug|Any CPU.Build.0 = Debug|Any CPU
		{B2AE8789-C71B-48C9-8AC3-AEB357E0D9BC}.Release|Any CPU.ActiveCfg = Release|Any CPU
		{B2AE8789-C71B-48C9-8AC3-AEB357E0D9BC}.Release|Any CPU.Build.0 = Release|Any CPU
	EndGlobalSection
	GlobalSection(SolutionProperties) = preSolution
		HideSolutionNode = FALSE
	EndGlobalSection
	GlobalSection(ExtensibilityGlobals) = postSolution
		SolutionGuid = {91CE74C9-E03D-4479-9A8F-2C9A21316A36}
	EndGlobalSection
EndGlobal
