
Microsoft Visual Studio Solution File, Format Version 12.00
# Visual Studio Version 17
VisualStudioVersion = 17.5.33414.496
MinimumVisualStudioVersion = 10.0.40219.1
Project("{9A19103F-16F7-4668-BE54-9A1E7A4F7556}") = "MonoGameEngine", "MonoGameEngine\MonoGameEngine.csproj", "{3769DE44-04FB-49C2-94DA-F5C444A9E9A4}"
EndProject
Project("{9A19103F-16F7-4668-BE54-9A1E7A4F7556}") = "Block", "Block\Block.csproj", "{EA92FBE8-B23F-4457-A1D9-A6F7B1543AC3}"
EndProject
Global
	GlobalSection(SolutionConfigurationPlatforms) = preSolution
		Debug|Any CPU = Debug|Any CPU
		Release|Any CPU = Release|Any CPU
	EndGlobalSection
	GlobalSection(ProjectConfigurationPlatforms) = postSolution
		{3769DE44-04FB-49C2-94DA-F5C444A9E9A4}.Debug|Any CPU.ActiveCfg = Debug|Any CPU
		{3769DE44-04FB-49C2-94DA-F5C444A9E9A4}.Debug|Any CPU.Build.0 = Debug|Any CPU
		{3769DE44-04FB-49C2-94DA-F5C444A9E9A4}.Release|Any CPU.ActiveCfg = Release|Any CPU
		{3769DE44-04FB-49C2-94DA-F5C444A9E9A4}.Release|Any CPU.Build.0 = Release|Any CPU
		{EA92FBE8-B23F-4457-A1D9-A6F7B1543AC3}.Debug|Any CPU.ActiveCfg = Debug|Any CPU
		{EA92FBE8-B23F-4457-A1D9-A6F7B1543AC3}.Debug|Any CPU.Build.0 = Debug|Any CPU
		{EA92FBE8-B23F-4457-A1D9-A6F7B1543AC3}.Release|Any CPU.ActiveCfg = Release|Any CPU
		{EA92FBE8-B23F-4457-A1D9-A6F7B1543AC3}.Release|Any CPU.Build.0 = Release|Any CPU
	EndGlobalSection
	GlobalSection(SolutionProperties) = preSolution
		HideSolutionNode = FALSE
	EndGlobalSection
	GlobalSection(ExtensibilityGlobals) = postSolution
		SolutionGuid = {91CE74C9-E03D-4479-9A8F-2C9A21316A36}
	EndGlobalSection
EndGlobal
